
Microsoft Visual Studio Solution File, Format Version 12.00
# Visual Studio Version 17
VisualStudioVersion = 17.4.33110.190
MinimumVisualStudioVersion = 10.0.40219.1
Project("{FAE04EC0-301F-11D3-BF4B-00C04F79EFBC}") = "quanlybanhang", "quanlybanhang\quanlybanhang.csproj", "{74155D21-4637-403C-B662-5124D3F791DA}"
EndProject
Global
	GlobalSection(SolutionConfigurationPlatforms) = preSolution
		Debug|Any CPU = Debug|Any CPU
		Release|Any CPU = Release|Any CPU
	EndGlobalSection
	GlobalSection(ProjectConfigurationPlatforms) = postSolution
		{74155D21-4637-403C-B662-5124D3F791DA}.Debug|Any CPU.ActiveCfg = Debug|Any CPU
		{74155D21-4637-403C-B662-5124D3F791DA}.Debug|Any CPU.Build.0 = Debug|Any CPU
		{74155D21-4637-403C-B662-5124D3F791DA}.Release|Any CPU.ActiveCfg = Release|Any CPU
		{74155D21-4637-403C-B662-5124D3F791DA}.Release|Any CPU.Build.0 = Release|Any CPU
	EndGlobalSection
	GlobalSection(SolutionProperties) = preSolution
		HideSolutionNode = FALSE
	EndGlobalSection
	GlobalSection(ExtensibilityGlobals) = postSolution
		SolutionGuid = {C2F46B8A-B468-494C-9E79-58874A944283}
	EndGlobalSection
EndGlobal
